
Microsoft Visual Studio Solution File, Format Version 12.00
# Visual Studio Version 16
VisualStudioVersion = 16.0.30517.126
MinimumVisualStudioVersion = 10.0.40219.1
Project("{FAE04EC0-301F-11D3-BF4B-00C04F79EFBC}") = "Week7Arrays", "Week7Arrays\Week7Arrays.csproj", "{FCC81DC6-8A7D-4F26-9234-B1030D218C26}"
EndProject
Global
	GlobalSection(SolutionConfigurationPlatforms) = preSolution
		Debug|Any CPU = Debug|Any CPU
		Release|Any CPU = Release|Any CPU
	EndGlobalSection
	GlobalSection(ProjectConfigurationPlatforms) = postSolution
		{FCC81DC6-8A7D-4F26-9234-B1030D218C26}.Debug|Any CPU.ActiveCfg = Debug|Any CPU
		{FCC81DC6-8A7D-4F26-9234-B1030D218C26}.Debug|Any CPU.Build.0 = Debug|Any CPU
		{FCC81DC6-8A7D-4F26-9234-B1030D218C26}.Release|Any CPU.ActiveCfg = Release|Any CPU
		{FCC81DC6-8A7D-4F26-9234-B1030D218C26}.Release|Any CPU.Build.0 = Release|Any CPU
	EndGlobalSection
	GlobalSection(SolutionProperties) = preSolution
		HideSolutionNode = FALSE
	EndGlobalSection
	GlobalSection(ExtensibilityGlobals) = postSolution
		SolutionGuid = {75A3CB35-1352-4E79-95F3-298FF233E8CE}
	EndGlobalSection
EndGlobal
